version = 1
revision = 3
requires-python = ">=3.14"

[[package]]
name = "coax-analysis"
version = "0.1.0"
source = { virtual = "." }
dependencies = [
    { name = "python-pptx" },
]

[package.dev-dependencies]
dev = [
    { name = "pypdfium2" },
]

[package.metadata]
requires-dist = [{ name = "python-pptx", specifier = ">=1.0.2" }]

[package.metadata.requires-dev]
dev = [{ name = "pypdfium2", specifier = ">=5.11.0" }]

[[package]]
name = "lxml"
version = "6.1.1"
source = { registry = "https://pypi.org/simple" }
sdist = { url = "https://files.pythonhosted.org/packages/05/3b/aab6728cae887456f409b4d75e8a01856e4f04bd510de38052a47768b680/lxml-6.1.1.tar.gz", hash = "sha256:ba96ae44888e0185281e937633a743ea90d5a196c6000f82565ebb0580012d40", size = 4197430, upload-time = "2026-05-18T19:19:06.424Z" }
wheels = [
    { url = "https://files.pythonhosted.org/packages/13/e2/2e325795566de01d0d7c3bb57d3c370616b2d07b01214e84eec5d3b10963/lxml-6.1.1-cp314-cp314-macosx_10_15_universal2.whl", hash = "sha256:19b7ab10b210b0b3ad7985d9ac4eb66ab09a90b20fe6e2f7ba55d01a234345d0", size = 8577146, upload-time = "2026-05-18T19:18:17.765Z" },
    { url = "https://files.pythonhosted.org/packages/93/cf/5630b5e4be7d2e6bee8efe83865c925221103cf0221303b104ce134b01e2/lxml-6.1.1-cp314-cp314-macosx_10_15_x86_64.whl", hash = "sha256:c08e5c694306507275f2290073350c4f32e383db15213b2c69e7ff39c1193840", size = 4623866, upload-time = "2026-05-18T19:18:30.669Z" },
    { url = "https://files.pythonhosted.org/packages/d2/51/3904907c063451cf8d4a5c9fe0cad95fa1f4ec57f4e3884fa0731bd7a305/lxml-6.1.1-cp314-cp314-manylinux2014_aarch64.manylinux_2_17_aarch64.whl", hash = "sha256:74a9717fd0d82effef5c2854f0d917231d5324b5a3eb7275c43ac9fa32f97a14", size = 4950022, upload-time = "2026-05-18T19:19:31.958Z" },
    { url = "https://files.pythonhosted.org/packages/94/cd/9c7611a51c37a2830928405817cc5d56a97f64fab83cc3f628748b135749/lxml-6.1.1-cp314-cp314-manylinux2014_x86_64.manylinux_2_17_x86_64.whl", hash = "sha256:efe0374196335f93b53269acd811b944f2e6bdc88e8894f214bd636455484909", size = 5086695, upload-time = "2026-05-18T19:19:34.764Z" },
    { url = "https://files.pythonhosted.org/packages/da/d6/24e3b5906abb0b674ff2ae195bc3ce59708df2bcd17cf17703b2d7dd643a/lxml-6.1.1-cp314-cp314-manylinux_2_26_aarch64.manylinux_2_28_aarch64.whl", hash = "sha256:ac931cdc9442c1763b8a8f6cd62c0c938737eafc5be75eff88df55fc73bc0d00", size = 5031642, upload-time = "2026-05-18T19:19:37.771Z" },
    { url = "https://files.pythonhosted.org/packages/2d/db/6ec54f99019838bff54785c51da07f189eb4676861c5f2730962b0d8d665/lxml-6.1.1-cp314-cp314-manylinux_2_26_ppc64le.manylinux_2_28_ppc64le.whl", hash = "sha256:aee395f5d0927f947758b4ec119fd5fc8ec71f07a1c5c52077b30b04c0fa6955", size = 5647338, upload-time = "2026-05-18T19:19:40.553Z" },
    { url = "https://files.pythonhosted.org/packages/42/3d/ef4dcfffd22d27a61805d8ed9f7fb888495bc6aa88648fa07c1eaa5586b6/lxml-6.1.1-cp314-cp314-manylinux_2_26_x86_64.manylinux_2_28_x86_64.whl", hash = "sha256:9395002973c827b3ed67db77e6ec09f092919a587022174554096a269378fb13", size = 5239528, upload-time = "2026-05-18T19:19:43.657Z" },
    { url = "https://files.pythonhosted.org/packages/62/bb/37fb3f0dff146bdcfa78eec47879273820b2a0bf350ec236ce14bd0b1c26/lxml-6.1.1-cp314-cp314-manylinux_2_28_i686.whl", hash = "sha256:73bc2086f141224ebddb7fc5c6a36ca58b31b94b561e1dfe8e073e3270fad1e7", size = 5350730, upload-time = "2026-05-18T19:19:46.307Z" },
    { url = "https://files.pythonhosted.org/packages/90/42/43253f168388df4fae1f38c01df36ddb9bee39e2048167b54cdcbae85ea3/lxml-6.1.1-cp314-cp314-manylinux_2_31_armv7l.whl", hash = "sha256:3779def59032b81e44a5f70096ef6bf2082f8d901937dca354474ba09782e245", size = 4697530, upload-time = "2026-05-18T19:19:49.889Z" },
    { url = "https://files.pythonhosted.org/packages/eb/a8/c5a8504f81bbdfc8e7094c2c850cdb4ed6777fc4d5ddd9e5ab819f3b0d54/lxml-6.1.1-cp314-cp314-manylinux_2_38_riscv64.manylinux_2_39_riscv64.whl", hash = "sha256:86c89b9d55ebf820ad7c90bc533410f0d098054f293351f10603c0c46ff598f5", size = 5250670, upload-time = "2026-05-18T19:19:53.199Z" },
    { url = "https://files.pythonhosted.org/packages/77/b7/c7e76ab18744d75e21f320ebf9ff9d1ceae2b54dd431ea5a64caf26c9672/lxml-6.1.1-cp314-cp314-musllinux_1_2_aarch64.whl", hash = "sha256:19607c6bbff2a44cf3fe8250abccd20942d3462473e0a721d01d379ed017e462", size = 5084485, upload-time = "2026-05-18T19:19:08.422Z" },
    { url = "https://files.pythonhosted.org/packages/31/31/b35c53f8ef7b7c31cacd23d3638652fff7bcd1deb6eedb709ab43b685908/lxml-6.1.1-cp314-cp314-musllinux_1_2_armv7l.whl", hash = "sha256:c6ed5141a5c7507cf3ee76bd363b0d6f801e3321adc35b5d825a23115faa5465", size = 4737635, upload-time = "2026-05-18T19:19:12.321Z" },
    { url = "https://files.pythonhosted.org/packages/d9/06/31f23c813a7fe8e0cb1b175e915b08c9bf4e86d225b210feadbdbe519667/lxml-6.1.1-cp314-cp314-musllinux_1_2_ppc64le.whl", hash = "sha256:62aeb7e85b5d60320b9d77eef2e773994e2c0ce10121b277e0a19804e1654a5a", size = 5670681, upload-time = "2026-05-18T19:19:15.001Z" },
    { url = "https://files.pythonhosted.org/packages/1a/bc/ce619bccc89b1fd9ad8a8e1330ee3f3beff9f2ff95b712d7bbcdd6e22fc3/lxml-6.1.1-cp314-cp314-musllinux_1_2_riscv64.whl", hash = "sha256:b1b963fd8f5caa68e99dfae060d54de1fe9cba899b8718b44a00cdca53c3e590", size = 5238229, upload-time = "2026-05-18T19:19:18.131Z" },
    { url = "https://files.pythonhosted.org/packages/2f/5d/b329acbbedc0b619ebc2be6cf7ee9ed07e80892c88d4dfd612c33805789a/lxml-6.1.1-cp314-cp314-musllinux_1_2_x86_64.whl", hash = "sha256:63876be28efefa04a1df615b46770e82042cce445cfdce55160522f57b231ccb", size = 5264191, upload-time = "2026-05-18T19:19:21.118Z" },
    { url = "https://files.pythonhosted.org/packages/d6/85/be36fb1425b30db3c3f9df75fe86343ebffb79e6320bd7f588e25bfeac39/lxml-6.1.1-cp314-cp314-win32.whl", hash = "sha256:7f7a92e8583f06b1fd49d01158143b8461cfcd135dcb10ec807270a3051bd603", size = 3657202, upload-time = "2026-05-18T19:17:39.509Z" },
    { url = "https://files.pythonhosted.org/packages/b8/ce/3cf9a827342269f54d405a6202397de63f07c69cbd6ce7d183a3f0cba1e9/lxml-6.1.1-cp314-cp314-win_amd64.whl", hash = "sha256:b2d444f2e66624d68e9c6b211e28a76e22fff5fcabcfff4deac18b529b7d4137", size = 4064497, upload-time = "2026-05-18T19:18:14.662Z" },
    { url = "https://files.pythonhosted.org/packages/d9/3e/1a957bde8f0760039e627f94699f82caa782c9d838d86c3d28245ee67212/lxml-6.1.1-cp314-cp314-win_arm64.whl", hash = "sha256:3fd9728a2735fda14f4e8235830c86b539e9661e849665bf926d3f867943b4bf", size = 3741991, upload-time = "2026-05-19T19:22:59.111Z" },
    { url = "https://files.pythonhosted.org/packages/78/b2/00ed55b3a2efa4658fb795c38d1090ec9b3e8a6c3683d4441fa517f09c3b/lxml-6.1.1-cp314-cp314t-macosx_10_15_universal2.whl", hash = "sha256:787b2496d0dbe8cd180984e8d29e3a6f76e7ea34db781cb3bd55e4ba1ef8b4ee", size = 8827545, upload-time = "2026-05-18T19:18:41.193Z" },
    { url = "https://files.pythonhosted.org/packages/c0/73/74573db19baa618d5f266f2407898b087ff6927115b00b71e5fc1b700847/lxml-6.1.1-cp314-cp314t-macosx_10_15_x86_64.whl", hash = "sha256:2c8daa471358dc2d6fcf02165e80ec68f77871a286df95bc5cc3816153b0fd2c", size = 4735736, upload-time = "2026-05-18T19:18:46.761Z" },
    { url = "https://files.pythonhosted.org/packages/16/02/6f7061f4f95f51e545d48e87647c54791d204a4e881be4156e7a26ba5338/lxml-6.1.1-cp314-cp314t-manylinux2014_aarch64.manylinux_2_17_aarch64.whl", hash = "sha256:acd7d70b64c0aae0c7922cca83d288a16f5f6da523637697872253415269baef", size = 4970291, upload-time = "2026-05-18T19:19:56.215Z" },
    { url = "https://files.pythonhosted.org/packages/b0/02/55fc057d8283427dea7d6edb102e7a840239c77a64a983d92f62a304c0e9/lxml-6.1.1-cp314-cp314t-manylinux2014_x86_64.manylinux_2_17_x86_64.whl", hash = "sha256:4f0dd2f01f9f8a89f565d000e03abcf0a13d692a346c8d22f628d49af098777a", size = 5102822, upload-time = "2026-05-18T19:19:59.223Z" },
    { url = "https://files.pythonhosted.org/packages/e4/48/8e1cf78d89d66850121d9255a2a24414c98f775da93b90cf976956c24b14/lxml-6.1.1-cp314-cp314t-manylinux_2_26_aarch64.manylinux_2_28_aarch64.whl", hash = "sha256:0b7e8a14c8634bf6f7a568634cb395305a6d964aeb5b7ee32248094bed3a7e2c", size = 5027923, upload-time = "2026-05-18T19:20:01.549Z" },
    { url = "https://files.pythonhosted.org/packages/ed/00/0632a0647612c8af24d26997b3b961397daa9d5b2581444805933629a4cb/lxml-6.1.1-cp314-cp314t-manylinux_2_26_ppc64le.manylinux_2_28_ppc64le.whl", hash = "sha256:86281fbdd6a8162756f8d603f37e3435bfa38043adb79c6dc6a2dfee065e7525", size = 5595843, upload-time = "2026-05-18T19:20:03.93Z" },
    { url = "https://files.pythonhosted.org/packages/bc/86/ab008a7dc360711b66858d61c80a5979a70a09f2aa2b05d9698df80b803d/lxml-6.1.1-cp314-cp314t-manylinux_2_26_x86_64.manylinux_2_28_x86_64.whl", hash = "sha256:c5d7152ec39ca7c402d8fb9bad86140a15b9503bd0c54484e3f1bbe3dd37ceca", size = 5224515, upload-time = "2026-05-18T19:20:06.381Z" },
    { url = "https://files.pythonhosted.org/packages/75/c6/2702ff375e728e34f56d9a45339a9cf7e4427e917f542225242d63a05afa/lxml-6.1.1-cp314-cp314t-manylinux_2_28_i686.whl", hash = "sha256:88d8cb75b9d82858497a5393e3c63cfbf03035225e4b35a49ed7ccb151e4dc0e", size = 5312511, upload-time = "2026-05-18T19:20:09.308Z" },
    { url = "https://files.pythonhosted.org/packages/b7/57/a5807c98f87a86f10ef9ffab35516df7c0f0c4b6d5d33e9f608ab9c04a31/lxml-6.1.1-cp314-cp314t-manylinux_2_31_armv7l.whl", hash = "sha256:f64ec5397ea6a41fc1b4af0380d79b44a755b5531dcaccd9940fb260dca93038", size = 4639206, upload-time = "2026-05-18T19:20:11.704Z" },
    { url = "https://files.pythonhosted.org/packages/1f/e1/8a0a2c35734812395f4da4eaf33748a7e5705bfb2a58b128da764339d5ec/lxml-6.1.1-cp314-cp314t-manylinux_2_38_riscv64.manylinux_2_39_riscv64.whl", hash = "sha256:d34bbf07dbc7ca5970671b1512e928991fb5e9d95365636c9b2d8b4f53af405e", size = 5232404, upload-time = "2026-05-18T19:20:14.064Z" },
    { url = "https://files.pythonhosted.org/packages/c2/e2/0e6a4dd5ad84d01d99aa7bae7cfefd4a760a0e0f8176818241de17d9b6c0/lxml-6.1.1-cp314-cp314t-musllinux_1_2_aarch64.whl", hash = "sha256:17e0e18d4ad8adbd0399291bc44845b69d9dd68439a3cdebdf35ff902ec05072", size = 5083769, upload-time = "2026-05-18T19:19:23.758Z" },
    { url = "https://files.pythonhosted.org/packages/a0/7e/161f33d463f6ffc1c7679104b65086dea120080d49dde4d238f015aaee2f/lxml-6.1.1-cp314-cp314t-musllinux_1_2_armv7l.whl", hash = "sha256:3ab541146f1f6968c462d6c2ac495148e8cdba2f8347700b2141b6ec5a75bf52", size = 4758936, upload-time = "2026-05-18T19:19:27.256Z" },
    { url = "https://files.pythonhosted.org/packages/f1/fb/2369825e3f6ca99305bf9f7b7085fda91c8b0922a89e54d900974aa3ef85/lxml-6.1.1-cp314-cp314t-musllinux_1_2_ppc64le.whl", hash = "sha256:2a0217714657e023ef4293500f65aa20fce6164c8fd6b08fa5bd4a859fb14b9b", size = 5620296, upload-time = "2026-05-18T19:19:29.993Z" },
    { url = "https://files.pythonhosted.org/packages/30/90/d61e383146f74c5ab683947ea14dc7b82778838ab9b95ea73a23b60d0191/lxml-6.1.1-cp314-cp314t-musllinux_1_2_riscv64.whl", hash = "sha256:05a82eb6e1530a64f26225b55cbd178113bd0b5af1c2b625f25e5296742c26d2", size = 5228598, upload-time = "2026-05-18T19:19:33.523Z" },
    { url = "https://files.pythonhosted.org/packages/76/2d/2dafd8149e94b05bb070690efd5bb2680720681e03ff03fc57d2b70a1105/lxml-6.1.1-cp314-cp314t-musllinux_1_2_x86_64.whl", hash = "sha256:9e36f163528fc50cbef305f02a5fd66d404edf7049cdaff211dbc2cba5a7013e", size = 5247845, upload-time = "2026-05-18T19:19:36.649Z" },
    { url = "https://files.pythonhosted.org/packages/ce/68/b30e913340c380ddac9580c6e6230991fc37240ec4f64704833e4f3e2769/lxml-6.1.1-cp314-cp314t-win32.whl", hash = "sha256:649dda677cf3bd6ac9ae14007ba0c824ded8ce5808b53fc7431d9140399118c1", size = 3897345, upload-time = "2026-05-18T19:17:33.562Z" },
    { url = "https://files.pythonhosted.org/packages/3c/4e/9eb2af5335545f9fbcd7af57bcf87c6025d31eaa31b14ec184a6c8675328/lxml-6.1.1-cp314-cp314t-win_amd64.whl", hash = "sha256:793033d6c5cdf33a573f910d9bea14ef8f5771820411d118da8e1182edb53d5e", size = 4393350, upload-time = "2026-05-18T19:18:10.076Z" },
    { url = "https://files.pythonhosted.org/packages/7f/2c/0f1e93c636720e8a3eb59af2bfda99d98b55891e1c53bc30c2e0e865f01b/lxml-6.1.1-cp314-cp314t-win_arm64.whl", hash = "sha256:58bb955caba94e467d2a96da17660d2d704e0675894cba21ab8a775b8621fd1c", size = 3817223, upload-time = "2026-05-19T19:22:56.823Z" },
]

[[package]]
name = "pillow"
version = "12.3.0"
source = { registry = "https://pypi.org/simple" }
sdist = { url = "https://files.pythonhosted.org/packages/1c/3d/bb7fca845737cf9d7dbde16ed1843984665ff2e0a518f5db43e77ec540b9/pillow-12.3.0.tar.gz", hash = "sha256:3b8182a766685eaa002637e28b4ec8d6b18819a0c71f579bf0dbaa5830297cce", size = 47025035, upload-time = "2026-07-01T11:56:38.965Z" }
wheels = [
    { url = "https://files.pythonhosted.org/packages/dc/01/001f65b68192f0228cc1dbbc8d2530ab5d58b61037ba0587f946fea607cd/pillow-12.3.0-cp314-cp314-ios_13_0_arm64_iphoneos.whl", hash = "sha256:9cf95fe4d0f84c82d282745d9bb08ad9f926efa00be4697e767b814ce40d4330", size = 4161736, upload-time = "2026-07-01T11:54:51.156Z" },
    { url = "https://files.pythonhosted.org/packages/1a/d2/0219746d0fd16fc8a84498e79452375be3797d3ce4044596ce565164b84f/pillow-12.3.0-cp314-cp314-ios_13_0_arm64_iphonesimulator.whl", hash = "sha256:8728f216dcdb6e6d555cf971cb34076139ad74b31fc2c14da4fafc741c5f6217", size = 4255435, upload-time = "2026-07-01T11:54:53.414Z" },
    { url = "https://files.pythonhosted.org/packages/c8/02/8d0bc62ef0302318c46ff2a512822d2610e81c7aa46c9b3abe6cbaca5ad0/pillow-12.3.0-cp314-cp314-ios_13_0_x86_64_iphonesimulator.whl", hash = "sha256:a45650e8ce7fafffd731db8550230db6b0d306d181a90b67d3e6bca2f1990930", size = 3696262, upload-time = "2026-07-01T11:54:55.739Z" },
    { url = "https://files.pythonhosted.org/packages/85/e2/73c77d218410b14f5f2d565e8a998d5317b7b9c75368d29985139f7a46f0/pillow-12.3.0-cp314-cp314-macosx_10_15_x86_64.whl", hash = "sha256:ba54cfebe86920a559a7c4d6b9050791c20513650a1952ebe3368c7dc70306f8", size = 5350344, upload-time = "2026-07-01T11:54:57.657Z" },
    { url = "https://files.pythonhosted.org/packages/c7/da/32c752228ae345f489e3a42499d817b6c3996da7e8a3bc7a04fc806b243b/pillow-12.3.0-cp314-cp314-macosx_11_0_arm64.whl", hash = "sha256:e158cb00350dc278f3b91551101aa7d12415a66ebf2c91d8d5ac14e56ddd3ad0", size = 4780131, upload-time = "2026-07-01T11:54:59.713Z" },
    { url = "https://files.pythonhosted.org/packages/b1/9d/8b2c807dbef61a5197c047afe99823787eb66f63daf9fb2432f91d6f0462/pillow-12.3.0-cp314-cp314-manylinux_2_27_aarch64.manylinux_2_28_aarch64.whl", hash = "sha256:e9aeb04d6aef139de265b29683e119b638208f88cf73cdd1658aa07221165321", size = 6263757, upload-time = "2026-07-01T11:55:01.778Z" },
    { url = "https://files.pythonhosted.org/packages/5c/44/c85361f65dbe00eea8576ee467c768d25129989efb76e94f205e9ca9bb46/pillow-12.3.0-cp314-cp314-manylinux_2_27_x86_64.manylinux_2_28_x86_64.whl", hash = "sha256:251bf95b67017e27b13d82f5b326234ca62d70f9cf4c2b9032de2358a3b12c7b", size = 6936962, upload-time = "2026-07-01T11:55:03.93Z" },
    { url = "https://files.pythonhosted.org/packages/18/7e/e483414b35800b86b6f08dbbc7803fb5cd52c4d6f897f47d53ea2c7e6f65/pillow-12.3.0-cp314-cp314-musllinux_1_2_aarch64.whl", hash = "sha256:fe3cca2e4e8a592be0f269a1ca4835c25199d9f3ce815c8491048f785b0a0198", size = 6339171, upload-time = "2026-07-01T11:55:05.989Z" },
    { url = "https://files.pythonhosted.org/packages/f0/f4/68c491844841ede6bed70189546b3ee9731cf9f2cbad396faff5e1ccba45/pillow-12.3.0-cp314-cp314-musllinux_1_2_x86_64.whl", hash = "sha256:23aceaa007d6172b02c277f0cd359c79492bbb14f7072b4ede9fbcaf20648130", size = 7048116, upload-time = "2026-07-01T11:55:08.131Z" },
    { url = "https://files.pythonhosted.org/packages/a3/34/77f3f793fed8efc7d243f21b33c5a3f0d1c97ee70346d3db855587e155ff/pillow-12.3.0-cp314-cp314-win32.whl", hash = "sha256:af8d94b0db561cf68b88a267c5c44b49e134f525d0dc2cb7ed413a66bc23559a", size = 6467209, upload-time = "2026-07-01T11:55:10.408Z" },
    { url = "https://files.pythonhosted.org/packages/f1/e0/492879f69d94f91f60fc8cd05ba03650e9520afebb2fb7aa12777d7c7f38/pillow-12.3.0-cp314-cp314-win_amd64.whl", hash = "sha256:fdafc9cce40277e0f7a0feabce0ee50dd2fa1800f3b38015e51296b5e814048d", size = 7237707, upload-time = "2026-07-01T11:55:12.745Z" },
    { url = "https://files.pythonhosted.org/packages/c9/ac/6b11f2875f1c2ac040d84e1bbf9cf22a88038f901ca1037898b280b38365/pillow-12.3.0-cp314-cp314-win_arm64.whl", hash = "sha256:e91206ee562682b51b98ef4b26a6ef48fd84e15fd4c4bc5ec768eb641d206838", size = 2565995, upload-time = "2026-07-01T11:55:14.736Z" },
    { url = "https://files.pythonhosted.org/packages/52/69/c2208e56af9bfc1913afb24020297a691eb1d4ef688474c8a04913f65e04/pillow-12.3.0-cp314-cp314t-macosx_10_15_x86_64.whl", hash = "sha256:164b31cd1a0490ab6efae01aa5df49da7061be0af1b30e035b6e9a1bfe34ee6e", size = 5352503, upload-time = "2026-07-01T11:55:17.076Z" },
    { url = "https://files.pythonhosted.org/packages/07/70/e5686d753e898a45d778ff1718dba8516ead6ab6b95d85fc8c4b70650cf2/pillow-12.3.0-cp314-cp314t-macosx_11_0_arm64.whl", hash = "sha256:5afb51d599ea772b8365ae807ae557f18bccfe46ab261fd1c2a9ed700fc6eb17", size = 4782956, upload-time = "2026-07-01T11:55:19.448Z" },
    { url = "https://files.pythonhosted.org/packages/d5/37/25c6692f06927ee973ff18c8d9ee98ad0b4d84ee67a09610c2dd1447958e/pillow-12.3.0-cp314-cp314t-manylinux_2_27_aarch64.manylinux_2_28_aarch64.whl", hash = "sha256:3edce1d53195db527e0191f84b71d02022de0540bf43a16ed734ed7537b07385", size = 6322855, upload-time = "2026-07-01T11:55:21.613Z" },
    { url = "https://files.pythonhosted.org/packages/cc/91/420637fcb8f1bc11029e403b4538e6694744428d8246118e45719f944556/pillow-12.3.0-cp314-cp314t-manylinux_2_27_x86_64.manylinux_2_28_x86_64.whl", hash = "sha256:bf16ba1b4d0b6b7c8e534936632270cf70eb00dbe09005bc345b2677b726855c", size = 6989642, upload-time = "2026-07-01T11:55:24.006Z" },
    { url = "https://files.pythonhosted.org/packages/10/08/b94d7811281ccf0d143a1cf768d1c49e1e54af63e7b708ab2ee3eb87face/pillow-12.3.0-cp314-cp314t-musllinux_1_2_aarch64.whl", hash = "sha256:24870b09b224f7ae3c39ed07d10e819d06f8720bc551847b1d623832b5b0e28d", size = 6391281, upload-time = "2026-07-01T11:55:26.252Z" },
    { url = "https://files.pythonhosted.org/packages/d2/87/24233f785f55474dc02ce3e739c5528a77e3a862e9333d1dd7a25cc31f70/pillow-12.3.0-cp314-cp314t-musllinux_1_2_x86_64.whl", hash = "sha256:30f2aa603c41533cc25c05acd0da21636e84a315768feb631c937177db558931", size = 7096716, upload-time = "2026-07-01T11:55:28.318Z" },
    { url = "https://files.pythonhosted.org/packages/23/26/fcb2f6e37175b04f53570b59937867e2b80ee1685e744023153028fc14f9/pillow-12.3.0-cp314-cp314t-win32.whl", hash = "sha256:4b0a7fe987b14c31ebda6083f74f22b561fd3739bc0ac51e019622e3d72668c7", size = 6474125, upload-time = "2026-07-01T11:55:30.956Z" },
    { url = "https://files.pythonhosted.org/packages/90/de/3634abee5f1c9e13c56787b7d5517b0ba8d6de51700b95578cf338349c9f/pillow-12.3.0-cp314-cp314t-win_amd64.whl", hash = "sha256:962864dc93511324d51ddbb5b9f8731bf71675b93ca612a07441896f4688fb8c", size = 7242939, upload-time = "2026-07-01T11:55:34.044Z" },
    { url = "https://files.pythonhosted.org/packages/ce/2a/fd13f8eb24de5714a6eb444a3d67e2842c6c576e159a43793adf23051351/pillow-12.3.0-cp314-cp314t-win_arm64.whl", hash = "sha256:0740a512dc522224c77d9aa5a8d70d8b7d73fb91f2c21125d8d025d3b8990e45", size = 2567506, upload-time = "2026-07-01T11:55:35.988Z" },
    { url = "https://files.pythonhosted.org/packages/5d/dc/8fdce34ec725a33c81c6ba122b904d6b9024e50ea9ac7bede62fab54506c/pillow-12.3.0-cp315-cp315-ios_13_0_arm64_iphoneos.whl", hash = "sha256:0feb2e9d6ad6c9e3c06effe9d00f3f1e618a6643273576b016f591e9315a7139", size = 4162063, upload-time = "2026-07-01T11:55:37.941Z" },
    { url = "https://files.pythonhosted.org/packages/76/66/2044b9a63d3b84ff048228dfcb7cd9bf0df983e8470971bf7d4c57b693de/pillow-12.3.0-cp315-cp315-ios_13_0_arm64_iphonesimulator.whl", hash = "sha256:9e881fca225083806662a5c43d627d215f258ff43c890f831966c7d7ba9c7402", size = 4255549, upload-time = "2026-07-01T11:55:40.022Z" },
    { url = "https://files.pythonhosted.org/packages/52/7e/1f67e6f4ece6b582ee4b539decbcc9f848dc245a93ed8cd7338bafef72f1/pillow-12.3.0-cp315-cp315-ios_13_0_x86_64_iphonesimulator.whl", hash = "sha256:4998562bf62a445225f22e07c896bb04b35b1b1f2eb6d760584c9c51d7a5f78c", size = 3696331, upload-time = "2026-07-01T11:55:41.98Z" },
    { url = "https://files.pythonhosted.org/packages/12/40/d306fc2c8e4d45d7f175c77edca7063be7b86fe7fe6e68f4353bf71d808c/pillow-12.3.0-cp315-cp315-macosx_10_15_x86_64.whl", hash = "sha256:dc624f6bc473dacdf7ef7eb8678d0d08edf15cd94fad6ae5c7d6cc67a4e4902f", size = 5350370, upload-time = "2026-07-01T11:55:44.028Z" },
    { url = "https://files.pythonhosted.org/packages/dd/44/668fb1437e8ce420f62d6106eb66e44a5971602a4d794615bdf79315d82d/pillow-12.3.0-cp315-cp315-macosx_11_0_arm64.whl", hash = "sha256:71d6097b330eea8fd15097780c8e89cb1a8ce7838669f48c5bacd6f663dd4701", size = 4780147, upload-time = "2026-07-01T11:55:46.073Z" },
    { url = "https://files.pythonhosted.org/packages/0c/08/93fa2e70e30a2d81547e481b6ee2bb9522117221fb1e0ce4b5df70967677/pillow-12.3.0-cp315-cp315-manylinux_2_27_aarch64.manylinux_2_28_aarch64.whl", hash = "sha256:28ce87c5ab450a9dd970b52e5aca5fe63ed432d18a2eaddd1979a00a1ba24ace", size = 6273659, upload-time = "2026-07-01T11:55:48.264Z" },
    { url = "https://files.pythonhosted.org/packages/f8/6d/043e96ff814fc31a33077e4cba86082167db520c93632afdf2042febbb0c/pillow-12.3.0-cp315-cp315-manylinux_2_27_x86_64.manylinux_2_28_x86_64.whl", hash = "sha256:6b02afb9b97f65fbca5f31db6a2a3ba21aa93030225f150fa3f249717e938fb4", size = 6947439, upload-time = "2026-07-01T11:55:50.503Z" },
    { url = "https://files.pythonhosted.org/packages/af/92/ba71d2ee2ac0edf3fa33bd9d5ee9ee080da70b1766f3ca3934f9938ddac9/pillow-12.3.0-cp315-cp315-musllinux_1_2_aarch64.whl", hash = "sha256:1182d52bc2d5e5d7d0949503aa7e36d12f42205dc287e4883f407b1988820d39", size = 6353577, upload-time = "2026-07-01T11:55:52.697Z" },
    { url = "https://files.pythonhosted.org/packages/0f/ce/e63064e2122923ff687c8ad792d0d736a7b3920a56a46982e81a7fdd25d6/pillow-12.3.0-cp315-cp315-musllinux_1_2_x86_64.whl", hash = "sha256:e795b7eb908249c4e43c7c99fac7c2c75dab0c43566e37db472a355f63693d71", size = 7060394, upload-time = "2026-07-01T11:55:55.149Z" },
    { url = "https://files.pythonhosted.org/packages/54/76/a09cc3ccc8d773a7283d34c38bec1708f9e3cc932093cbc4c5e71ac4060b/pillow-12.3.0-cp315-cp315-win32.whl", hash = "sha256:57b3d78c95ba9059768b10e28b813002261d3f3dfc55cc48b0c988f625175827", size = 6467375, upload-time = "2026-07-01T11:55:57.769Z" },
    { url = "https://files.pythonhosted.org/packages/3e/03/1846c49ba3b1d5550392a4bbd06d6fb4578e1cd91a803198b5c90f5f7d53/pillow-12.3.0-cp315-cp315-win_amd64.whl", hash = "sha256:fa4ecea169a355be7a3ade2c783e2ed12f0e40d2c5621cda8b3297faf7fbb9f5", size = 7237048, upload-time = "2026-07-01T11:55:59.975Z" },
    { url = "https://files.pythonhosted.org/packages/fb/bb/89f35dcc79610423f9f195504d7def7f0d1416a711541b42867e25fe3412/pillow-12.3.0-cp315-cp315-win_arm64.whl", hash = "sha256:877c3f311ff35410f690861c4409e7ccbf0cd2f878e50628a28e5a0bb689e658", size = 2566006, upload-time = "2026-07-01T11:56:02.143Z" },
    { url = "https://files.pythonhosted.org/packages/30/88/707027ba09942dfa2c28759b5c222d769290a41c6d20ea60ec250801941f/pillow-12.3.0-cp315-cp315t-macosx_10_15_x86_64.whl", hash = "sha256:e9871b1ffbfa9656b60aeee92ed5136a5742696006fa322b29ea3d8da0ecc9cf", size = 5352509, upload-time = "2026-07-01T11:56:04.2Z" },
    { url = "https://files.pythonhosted.org/packages/b0/6d/00352fa25332c2569cd387851f568cc5a4b75a9adbfb37ac4fbce4c02eec/pillow-12.3.0-cp315-cp315t-macosx_11_0_arm64.whl", hash = "sha256:53aa02d20d10c3d814d536aa4e5ac9b84ca0ff5a88377963b085ad6822f93e64", size = 4783167, upload-time = "2026-07-01T11:56:06.631Z" },
    { url = "https://files.pythonhosted.org/packages/13/4f/9e049dfa21af7c22427275720e2490267ba8138120add5c4c574deb69782/pillow-12.3.0-cp315-cp315t-manylinux_2_27_aarch64.manylinux_2_28_aarch64.whl", hash = "sha256:446c34dcc4324b084a53b705127dc15717b22c5e140ae0a3c38349d4efec071e", size = 6329237, upload-time = "2026-07-01T11:56:08.868Z" },
    { url = "https://files.pythonhosted.org/packages/36/16/cf6eeaae8d0fce8dd390a33437cf68c5d5bd73834a2bc6e2f14efda0ab45/pillow-12.3.0-cp315-cp315t-manylinux_2_27_x86_64.manylinux_2_28_x86_64.whl", hash = "sha256:cf1845d02ad822a369a49f2bb9345b1614744267682e7a03527dc3bf6eea1777", size = 6997047, upload-time = "2026-07-01T11:56:11.379Z" },
    { url = "https://files.pythonhosted.org/packages/1e/69/dbf769bdd55f48bf5733cac28edc6364ffaa072ec9ba336266e4fe66be55/pillow-12.3.0-cp315-cp315t-musllinux_1_2_aarch64.whl", hash = "sha256:186941b6aef820ad110fb01fb06eb925374dc3a21b17e37ec9a53b250c6fe2d1", size = 6400440, upload-time = "2026-07-01T11:56:13.908Z" },
    { url = "https://files.pythonhosted.org/packages/a0/e1/ffc9cfc2eea0d178da8018e18e959301ad9d6bc9f3edb7181e748a474b97/pillow-12.3.0-cp315-cp315t-musllinux_1_2_x86_64.whl", hash = "sha256:f13c32a3abd6079a66d9526e18dad9b6d280384d49d7c54040cd57b6424041d9", size = 7105895, upload-time = "2026-07-01T11:56:16.575Z" },
    { url = "https://files.pythonhosted.org/packages/18/f0/a5595c1e8c3ae44b9828cb2f0fa8155e5095ef04d6327b8f61cf44a3df85/pillow-12.3.0-cp315-cp315t-win32.whl", hash = "sha256:1657923d2d45afb66526e5b933e5b3052e6bdea196c90d3abb2424e18c77dae8", size = 6474384, upload-time = "2026-07-01T11:56:18.855Z" },
    { url = "https://files.pythonhosted.org/packages/e4/04/62bcd9f844984c5938d3b05264a61d797a29d3e0812341a8204af70bbdee/pillow-12.3.0-cp315-cp315t-win_amd64.whl", hash = "sha256:8cd2f7bdda092d99c9fc2fb7391354f306d01443d22785d0cbfafa2e2c8bb418", size = 7243537, upload-time = "2026-07-01T11:56:21.214Z" },
    { url = "https://files.pythonhosted.org/packages/3d/68/1f3066acedf37673694a7141381d8f811ae97f30d34413d236abe7d489f1/pillow-12.3.0-cp315-cp315t-win_arm64.whl", hash = "sha256:06ff022112bc9cbf83b60f8e028d94ad87b60621706487e65f673de61610ab59", size = 2567491, upload-time = "2026-07-01T11:56:23.506Z" },
]

[[package]]
name = "pypdfium2"
version = "5.11.0"
source = { registry = "https://pypi.org/simple" }
sdist = { url = "https://files.pythonhosted.org/packages/a8/b9/a887db9950379fe619f6921ade84730346e6adf008b197951ddcc42dfd1a/pypdfium2-5.11.0.tar.gz", hash = "sha256:0733749ac253c615953a5e75d4322b9f1de8c0d90137ec8dbcef403f3e57b5d9", size = 276614, upload-time = "2026-06-29T11:11:40.936Z" }
wheels = [
    { url = "https://files.pythonhosted.org/packages/94/09/0aec4588adaa7eb4e42da127a57a5dd3a3997ff32be62af93f8afeb4668b/pypdfium2-5.11.0-py3-none-android_23_arm64_v8a.whl", hash = "sha256:115bc68ab2e85c9ee46f97a4c1794f1d7205c8b763fc5c16d9893eaa54608627", size = 3388299, upload-time = "2026-06-29T11:11:00.183Z" },
    { url = "https://files.pythonhosted.org/packages/7a/53/9e349a311cb0e7cef5dd0824a6f96c9b161da5e5e67a3db030d38e624fe9/pypdfium2-5.11.0-py3-none-android_23_armeabi_v7a.whl", hash = "sha256:4396d0848b79134fcdf141a4e3dfe6719efe1162309a02876b440025cfd80720", size = 2843597, upload-time = "2026-06-29T11:11:02.351Z" },
    { url = "https://files.pythonhosted.org/packages/d2/13/13571dc7f1d11a4e4bde6ab8961318b04ff70bdc2aea5e7f88be5ef53167/pypdfium2-5.11.0-py3-none-macosx_12_0_arm64.whl", hash = "sha256:73fe55dd258f02332bc0a34128ddc2994fd610e664d1f2f7d78dd9e2570f15ee", size = 3586638, upload-time = "2026-06-29T11:11:04.264Z" },
    { url = "https://files.pythonhosted.org/packages/84/a2/9865e2822e97f6e4bed3b0e4838bd88444c62df6ebe0ccae352027133120/pypdfium2-5.11.0-py3-none-macosx_12_0_x86_64.whl", hash = "sha256:badb4f4df98e25fb1b58301911c98fa18da60de98b0223a6ffa91717be068b96", size = 3649576, upload-time = "2026-06-29T11:11:06.011Z" },
    { url = "https://files.pythonhosted.org/packages/a2/bb/dcd0ba152626c30a67bff43974b728c6bdd9a0d34af54cfa875489e46ce2/pypdfium2-5.11.0-py3-none-manylinux_2_17_aarch64.manylinux2014_aarch64.whl", hash = "sha256:1fbff7c3e3141f24f3a25cedddbb6c6d17baa95f83c7b7ea40d6866956df3a43", size = 3648292, upload-time = "2026-06-29T11:11:07.767Z" },
    { url = "https://files.pythonhosted.org/packages/65/62/39b40afda909bd65b212e9dbf32e7c6a2da4205ff64576965a49ba689c47/pypdfium2-5.11.0-py3-none-manylinux_2_17_armv7l.manylinux2014_armv7l.whl", hash = "sha256:faeda49c171be254b5028b7d17e54306c585374210d3e7ea4962a36774d5b76a", size = 3380060, upload-time = "2026-06-29T11:11:09.571Z" },
    { url = "https://files.pythonhosted.org/packages/6f/cf/999b793ca17d153765dc3656e7f4cc90c4bf411b9262f15b8e7e31af164f/pypdfium2-5.11.0-py3-none-manylinux_2_17_i686.manylinux2014_i686.whl", hash = "sha256:b63f6f1e67d05d2bc36f55c35ede5cd18ded8886a2fcf68f320d188ee7934348", size = 3778180, upload-time = "2026-06-29T11:11:11.234Z" },
    { url = "https://files.pythonhosted.org/packages/73/6c/54fd2b487eed6a420ee7fff5c7754739379c4459fa185deab3cb2b72e4e2/pypdfium2-5.11.0-py3-none-manylinux_2_17_ppc64le.manylinux2014_ppc64le.whl", hash = "sha256:44f96d8459b4ba9d1330ab44a8dde836b361cb00027830eaab710080888cf44a", size = 4190704, upload-time = "2026-06-29T11:11:13.076Z" },
    { url = "https://files.pythonhosted.org/packages/3b/8f/690b9a1b8de405ff7693c1d10472f0c5395294c6d53654ae1ef97ccf70fa/pypdfium2-5.11.0-py3-none-manylinux_2_17_x86_64.manylinux2014_x86_64.whl", hash = "sha256:ba8a78329c10f01c80b1f6e9aa33cac13665c198d056a007827b703958bd986d", size = 3705232, upload-time = "2026-06-29T11:11:14.864Z" },
    { url = "https://files.pythonhosted.org/packages/54/fc/18298367dc073041320bbb5d51fb3b42b0d9164fd13bd4d13dcb0d66bc64/pypdfium2-5.11.0-py3-none-manylinux_2_27_s390x.manylinux_2_28_s390x.whl", hash = "sha256:e7a60197c5d18b0ec77a695e4a1082f89f323c13063cecf4446f1297ed632a36", size = 4031064, upload-time = "2026-06-29T11:11:17.201Z" },
    { url = "https://files.pythonhosted.org/packages/45/1f/53d5b6ab0869963474b7ea13097c5abd8f2cf13548f0076e9bafc7e9d6b0/pypdfium2-5.11.0-py3-none-manylinux_2_34_riscv64.manylinux_2_39_riscv64.whl", hash = "sha256:53d167456433d565398a5c9f1efad23dfa6dfadc1a201ec687594fec645d843e", size = 3995092, upload-time = "2026-06-29T11:11:18.905Z" },
    { url = "https://files.pythonhosted.org/packages/82/7a/942a390e41fb59a797d9303eae6e6a8c3d1b84deade03206ac163076033f/pypdfium2-5.11.0-py3-none-musllinux_1_2_aarch64.whl", hash = "sha256:953f5bcb6a65067381f0a38c50ffaed864fac6f20b0fa2c14ffb15a52bda8943", size = 4995668, upload-time = "2026-06-29T11:11:20.677Z" },
    { url = "https://files.pythonhosted.org/packages/8e/e9/fd1f8d3157c92665166f7d9bfcdd26901290b4271fcd2f90c7419ca0ee4c/pypdfium2-5.11.0-py3-none-musllinux_1_2_armv7l.whl", hash = "sha256:479b081423b2c16de44ddb6e25826d665298e1ee7cf09d802b656716dd930201", size = 4539453, upload-time = "2026-06-29T11:11:22.474Z" },
    { url = "https://files.pythonhosted.org/packages/e9/56/4280069868245d2346e6ec7b42e155c16a19be731f2f57fb726c35661aac/pypdfium2-5.11.0-py3-none-musllinux_1_2_i686.whl", hash = "sha256:81356f0503356d6f21629fcd47bbfffcfe26487f47a7989a56c02bd4e39b4c55", size = 5237429, upload-time = "2026-06-29T11:11:24.17Z" },
    { url = "https://files.pythonhosted.org/packages/84/9f/99d962bea28c3305835d07a1732a771104ce958f46e68a1892e740a7c904/pypdfium2-5.11.0-py3-none-musllinux_1_2_ppc64le.whl", hash = "sha256:25be9d70f5776c68fa28b92ec42a7be91de5d6c4085ed5c6c89e1bfa373ae918", size = 5143685, upload-time = "2026-06-29T11:11:26.04Z" },
    { url = "https://files.pythonhosted.org/packages/e6/4a/c935d1fdd73092fd036627282948c794c8f14a7ddde39cf732898b258866/pypdfium2-5.11.0-py3-none-musllinux_1_2_riscv64.whl", hash = "sha256:8edec20239f77d4dea2eeee5d29ebd83e77e1e2900691b77387fead76f81bc4a", size = 4647708, upload-time = "2026-06-29T11:11:28.006Z" },
    { url = "https://files.pythonhosted.org/packages/62/50/f4f1895efa581f8b85748bf8d620ad37550583ca5226feeb9a33dcb3031e/pypdfium2-5.11.0-py3-none-musllinux_1_2_s390x.whl", hash = "sha256:2560db37ce77a6caf651dc129bc44ee610a5fbb0050ec70f5a643f76bf241173", size = 5089405, upload-time = "2026-06-29T11:11:30.013Z" },
    { url = "https://files.pythonhosted.org/packages/21/40/ca5b1071aee0a96937a30007504a0ca484340709e22a459e99650165fd57/pypdfium2-5.11.0-py3-none-musllinux_1_2_x86_64.whl", hash = "sha256:34086bc1fcb964bb8104889d941ba9c8a35a75866250bb81d2f2bb2791bb42af", size = 5051368, upload-time = "2026-06-29T11:11:31.868Z" },
    { url = "https://files.pythonhosted.org/packages/28/01/e445a77e784a5b0047a2c30b263630dfaa57318ff3196e6ad3093dca6929/pypdfium2-5.11.0-py3-none-win32.whl", hash = "sha256:324054f36acf6bea42a9d2534eb407da2e312dba746d955c9fd7e324bc160898", size = 3645281, upload-time = "2026-06-29T11:11:33.691Z" },
    { url = "https://files.pythonhosted.org/packages/73/d4/8b8af6eedbc5c8af49817d8f37c2e55be8a2c7f75fca9bee78efbfeb40f6/pypdfium2-5.11.0-py3-none-win_amd64.whl", hash = "sha256:d3b698e7b51bdf2d633cc834395677319e1d66757896b30c632dfac7d7236c81", size = 3778234, upload-time = "2026-06-29T11:11:35.64Z" },
    { url = "https://files.pythonhosted.org/packages/c5/a7/657503553694c70fba0aa5d213144d80401611c82e0205f43f1ff39f40af/pypdfium2-5.11.0-py3-none-win_arm64.whl", hash = "sha256:897788d71b740752e29875856c369fdb52283f609aecf2355f0473db05dfc1b6", size = 3567726, upload-time = "2026-06-29T11:11:38.689Z" },
]

[[package]]
name = "python-pptx"
version = "1.0.2"
source = { registry = "https://pypi.org/simple" }
dependencies = [
    { name = "lxml" },
    { name = "pillow" },
    { name = "typing-extensions" },
    { name = "xlsxwriter" },
]
sdist = { url = "https://files.pythonhosted.org/packages/52/a9/0c0db8d37b2b8a645666f7fd8accea4c6224e013c42b1d5c17c93590cd06/python_pptx-1.0.2.tar.gz", hash = "sha256:479a8af0eaf0f0d76b6f00b0887732874ad2e3188230315290cd1f9dd9cc7095", size = 10109297, upload-time = "2024-08-07T17:33:37.772Z" }
wheels = [
    { url = "https://files.pythonhosted.org/packages/d9/4f/00be2196329ebbff56ce564aa94efb0fbc828d00de250b1980de1a34ab49/python_pptx-1.0.2-py3-none-any.whl", hash = "sha256:160838e0b8565a8b1f67947675886e9fea18aa5e795db7ae531606d68e785cba", size = 472788, upload-time = "2024-08-07T17:33:28.192Z" },
]

[[package]]
name = "typing-extensions"
version = "4.16.0"
source = { registry = "https://pypi.org/simple" }
sdist = { url = "https://files.pythonhosted.org/packages/f6/cc/6253133b5bb138fc3306cebfbda2c520f545d36b5be2c7255cc528bb45d6/typing_extensions-4.16.0.tar.gz", hash = "sha256:dc983d19a509c94dba722ee6abd33940f7c05a89e243c47e907eb4db6f1a43e5", size = 113555, upload-time = "2026-07-02T08:40:05.92Z" }
wheels = [
    { url = "https://files.pythonhosted.org/packages/49/d3/b8441a820a491ddfc024b0b0cf0393375b75ea13866d9c66727e54c2fc80/typing_extensions-4.16.0-py3-none-any.whl", hash = "sha256:481caa481374e813c1b176ada14e97f1f67a4539ce9cfeb3f350d78d6370c2e8", size = 45571, upload-time = "2026-07-02T08:40:04.659Z" },
]

[[package]]
name = "xlsxwriter"
version = "3.2.9"
source = { registry = "https://pypi.org/simple" }
sdist = { url = "https://files.pythonhosted.org/packages/46/2c/c06ef49dc36e7954e55b802a8b231770d286a9758b3d936bd1e04ce5ba88/xlsxwriter-3.2.9.tar.gz", hash = "sha256:254b1c37a368c444eac6e2f867405cc9e461b0ed97a3233b2ac1e574efb4140c", size = 215940, upload-time = "2025-09-16T00:16:21.63Z" }
wheels = [
    { url = "https://files.pythonhosted.org/packages/3a/0c/3662f4a66880196a590b202f0db82d919dd2f89e99a27fadef91c4a33d41/xlsxwriter-3.2.9-py3-none-any.whl", hash = "sha256:9a5db42bc5dff014806c58a20b9eae7322a134abb6fce3c92c181bfb275ec5b3", size = 175315, upload-time = "2025-09-16T00:16:20.108Z" },
]
